#MicroXplorer Configuration settings - do not modify
ADC1.Channel-5\#ChannelRegularConversion=ADC_CHANNEL_9
ADC1.IPParameters=Rank-5\#ChannelRegularConversion,master,Channel-5\#ChannelRegularConversion,SamplingTime-5\#ChannelRegularConversion,OffsetNumber-5\#ChannelRegularConversion,OffsetSignedSaturation-5\#ChannelRegularConversion,NbrOfConversionFlag,LowPowerAutoWait
ADC1.LowPowerAutoWait=ENABLE
ADC1.NbrOfConversionFlag=1
ADC1.OffsetNumber-5\#ChannelRegularConversion=ADC_OFFSET_NONE
ADC1.OffsetSignedSaturation-5\#ChannelRegularConversion=DISABLE
ADC1.Rank-5\#ChannelRegularConversion=1
ADC1.SamplingTime-5\#ChannelRegularConversion=ADC_SAMPLETIME_1CYCLE_5
ADC1.master=1
Bdma.I2C4_RX.0.Direction=DMA_PERIPH_TO_MEMORY
Bdma.I2C4_RX.0.EventEnable=DISABLE
Bdma.I2C4_RX.0.Instance=BDMA_Channel0
Bdma.I2C4_RX.0.MemDataAlignment=DMA_MDATAALIGN_BYTE
Bdma.I2C4_RX.0.MemInc=DMA_MINC_ENABLE
Bdma.I2C4_RX.0.Mode=DMA_NORMAL
Bdma.I2C4_RX.0.PeriphDataAlignment=DMA_PDATAALIGN_BYTE
Bdma.I2C4_RX.0.PeriphInc=DMA_PINC_DISABLE
Bdma.I2C4_RX.0.Polarity=HAL_DMAMUX_REQ_GEN_RISING
Bdma.I2C4_RX.0.Priority=DMA_PRIORITY_LOW
Bdma.I2C4_RX.0.RequestNumber=1
Bdma.I2C4_RX.0.RequestParameters=Instance,Direction,PeriphInc,MemInc,PeriphDataAlignment,MemDataAlignment,Mode,Priority,SignalID,Polarity,RequestNumber,SyncSignalID,SyncPolarity,SyncEnable,EventEnable,SyncRequestNumber
Bdma.I2C4_RX.0.SignalID=NONE
Bdma.I2C4_RX.0.SyncEnable=DISABLE
Bdma.I2C4_RX.0.SyncPolarity=HAL_DMAMUX_SYNC_NO_EVENT
Bdma.I2C4_RX.0.SyncRequestNumber=1
Bdma.I2C4_RX.0.SyncSignalID=NONE
Bdma.I2C4_TX.1.Direction=DMA_MEMORY_TO_PERIPH
Bdma.I2C4_TX.1.EventEnable=DISABLE
Bdma.I2C4_TX.1.Instance=BDMA_Channel1
Bdma.I2C4_TX.1.MemDataAlignment=DMA_MDATAALIGN_BYTE
Bdma.I2C4_TX.1.MemInc=DMA_MINC_ENABLE
Bdma.I2C4_TX.1.Mode=DMA_NORMAL
Bdma.I2C4_TX.1.PeriphDataAlignment=DMA_PDATAALIGN_BYTE
Bdma.I2C4_TX.1.PeriphInc=DMA_PINC_DISABLE
Bdma.I2C4_TX.1.Polarity=HAL_DMAMUX_REQ_GEN_RISING
Bdma.I2C4_TX.1.Priority=DMA_PRIORITY_LOW
Bdma.I2C4_TX.1.RequestNumber=1
Bdma.I2C4_TX.1.RequestParameters=Instance,Direction,PeriphInc,MemInc,PeriphDataAlignment,MemDataAlignment,Mode,Priority,SignalID,Polarity,RequestNumber,SyncSignalID,SyncPolarity,SyncEnable,EventEnable,SyncRequestNumber
Bdma.I2C4_TX.1.SignalID=NONE
Bdma.I2C4_TX.1.SyncEnable=DISABLE
Bdma.I2C4_TX.1.SyncPolarity=HAL_DMAMUX_SYNC_NO_EVENT
Bdma.I2C4_TX.1.SyncRequestNumber=1
Bdma.I2C4_TX.1.SyncSignalID=NONE
Bdma.Request0=I2C4_RX
Bdma.Request1=I2C4_TX
Bdma.Request2=SPI6_RX
Bdma.Request3=SPI6_TX
Bdma.RequestsNb=4
Bdma.SPI6_RX.2.Direction=DMA_PERIPH_TO_MEMORY
Bdma.SPI6_RX.2.EventEnable=DISABLE
Bdma.SPI6_RX.2.Instance=BDMA_Channel2
Bdma.SPI6_RX.2.MemDataAlignment=DMA_MDATAALIGN_BYTE
Bdma.SPI6_RX.2.MemInc=DMA_MINC_ENABLE
Bdma.SPI6_RX.2.Mode=DMA_NORMAL
Bdma.SPI6_RX.2.PeriphDataAlignment=DMA_PDATAALIGN_BYTE
Bdma.SPI6_RX.2.PeriphInc=DMA_PINC_DISABLE
Bdma.SPI6_RX.2.Polarity=HAL_DMAMUX_REQ_GEN_RISING
Bdma.SPI6_RX.2.Priority=DMA_PRIORITY_LOW
Bdma.SPI6_RX.2.RequestNumber=1
Bdma.SPI6_RX.2.RequestParameters=Instance,Direction,PeriphInc,MemInc,PeriphDataAlignment,MemDataAlignment,Mode,Priority,SignalID,Polarity,RequestNumber,SyncSignalID,SyncPolarity,SyncEnable,EventEnable,SyncRequestNumber
Bdma.SPI6_RX.2.SignalID=NONE
Bdma.SPI6_RX.2.SyncEnable=DISABLE
Bdma.SPI6_RX.2.SyncPolarity=HAL_DMAMUX_SYNC_NO_EVENT
Bdma.SPI6_RX.2.SyncRequestNumber=1
Bdma.SPI6_RX.2.SyncSignalID=NONE
Bdma.SPI6_TX.3.Direction=DMA_MEMORY_TO_PERIPH
Bdma.SPI6_TX.3.EventEnable=DISABLE
Bdma.SPI6_TX.3.Instance=BDMA_Channel3
Bdma.SPI6_TX.3.MemDataAlignment=DMA_MDATAALIGN_BYTE
Bdma.SPI6_TX.3.MemInc=DMA_MINC_ENABLE
Bdma.SPI6_TX.3.Mode=DMA_NORMAL
Bdma.SPI6_TX.3.PeriphDataAlignment=DMA_PDATAALIGN_BYTE
Bdma.SPI6_TX.3.PeriphInc=DMA_PINC_DISABLE
Bdma.SPI6_TX.3.Polarity=HAL_DMAMUX_REQ_GEN_RISING
Bdma.SPI6_TX.3.Priority=DMA_PRIORITY_LOW
Bdma.SPI6_TX.3.RequestNumber=1
Bdma.SPI6_TX.3.RequestParameters=Instance,Direction,PeriphInc,MemInc,PeriphDataAlignment,MemDataAlignment,Mode,Priority,SignalID,Polarity,RequestNumber,SyncSignalID,SyncPolarity,SyncEnable,EventEnable,SyncRequestNumber
Bdma.SPI6_TX.3.SignalID=NONE
Bdma.SPI6_TX.3.SyncEnable=DISABLE
Bdma.SPI6_TX.3.SyncPolarity=HAL_DMAMUX_SYNC_NO_EVENT
Bdma.SPI6_TX.3.SyncRequestNumber=1
Bdma.SPI6_TX.3.SyncSignalID=NONE
CORTEX_M7.AccessPermission-Cortex_Memory_Protection_Unit_Region0_Settings=MPU_REGION_FULL_ACCESS
CORTEX_M7.AccessPermission-Cortex_Memory_Protection_Unit_Region1_Settings=MPU_REGION_FULL_ACCESS
CORTEX_M7.AccessPermission-Cortex_Memory_Protection_Unit_Region2_Settings=MPU_REGION_FULL_ACCESS
CORTEX_M7.AccessPermission-Cortex_Memory_Protection_Unit_Region3_Settings=MPU_REGION_FULL_ACCESS
CORTEX_M7.BaseAddress-Cortex_Memory_Protection_Unit_Region0_Settings=0x24000000
CORTEX_M7.BaseAddress-Cortex_Memory_Protection_Unit_Region1_Settings=0x38000000
CORTEX_M7.BaseAddress-Cortex_Memory_Protection_Unit_Region2_Settings=0x30000000
CORTEX_M7.BaseAddress-Cortex_Memory_Protection_Unit_Region3_Settings=0x30020000
CORTEX_M7.CPU_DCache=Enabled
CORTEX_M7.CPU_ICache=Enabled
CORTEX_M7.Enable-Cortex_Memory_Protection_Unit_Region0_Settings=MPU_REGION_ENABLE
CORTEX_M7.Enable-Cortex_Memory_Protection_Unit_Region1_Settings=MPU_REGION_ENABLE
CORTEX_M7.Enable-Cortex_Memory_Protection_Unit_Region2_Settings=MPU_REGION_ENABLE
CORTEX_M7.Enable-Cortex_Memory_Protection_Unit_Region3_Settings=MPU_REGION_ENABLE
CORTEX_M7.IPParameters=CPU_ICache,CPU_DCache,MPU_Control,Enable-Cortex_Memory_Protection_Unit_Region0_Settings,BaseAddress-Cortex_Memory_Protection_Unit_Region0_Settings,Size-Cortex_Memory_Protection_Unit_Region0_Settings,TypeExtField-Cortex_Memory_Protection_Unit_Region0_Settings,IsCacheable-Cortex_Memory_Protection_Unit_Region0_Settings,IsBufferable-Cortex_Memory_Protection_Unit_Region0_Settings,Enable-Cortex_Memory_Protection_Unit_Region1_Settings,BaseAddress-Cortex_Memory_Protection_Unit_Region1_Settings,Size-Cortex_Memory_Protection_Unit_Region1_Settings,TypeExtField-Cortex_Memory_Protection_Unit_Region1_Settings,IsShareable-Cortex_Memory_Protection_Unit_Region1_Settings,IsCacheable-Cortex_Memory_Protection_Unit_Region1_Settings,AccessPermission-Cortex_Memory_Protection_Unit_Region1_Settings,AccessPermission-Cortex_Memory_Protection_Unit_Region0_Settings,Enable-Cortex_Memory_Protection_Unit_Region2_Settings,BaseAddress-Cortex_Memory_Protection_Unit_Region2_Settings,Size-Cortex_Memory_Protection_Unit_Region2_Settings,TypeExtField-Cortex_Memory_Protection_Unit_Region2_Settings,AccessPermission-Cortex_Memory_Protection_Unit_Region2_Settings,IsShareable-Cortex_Memory_Protection_Unit_Region2_Settings,IsCacheable-Cortex_Memory_Protection_Unit_Region2_Settings,Enable-Cortex_Memory_Protection_Unit_Region3_Settings,BaseAddress-Cortex_Memory_Protection_Unit_Region3_Settings,Size-Cortex_Memory_Protection_Unit_Region3_Settings,TypeExtField-Cortex_Memory_Protection_Unit_Region3_Settings,AccessPermission-Cortex_Memory_Protection_Unit_Region3_Settings,IsShareable-Cortex_Memory_Protection_Unit_Region3_Settings,IsCacheable-Cortex_Memory_Protection_Unit_Region3_Settings
CORTEX_M7.IsBufferable-Cortex_Memory_Protection_Unit_Region0_Settings=MPU_ACCESS_BUFFERABLE
CORTEX_M7.IsCacheable-Cortex_Memory_Protection_Unit_Region0_Settings=MPU_ACCESS_CACHEABLE
CORTEX_M7.IsCacheable-Cortex_Memory_Protection_Unit_Region1_Settings=MPU_ACCESS_CACHEABLE
CORTEX_M7.IsCacheable-Cortex_Memory_Protection_Unit_Region2_Settings=MPU_ACCESS_CACHEABLE
CORTEX_M7.IsCacheable-Cortex_Memory_Protection_Unit_Region3_Settings=MPU_ACCESS_CACHEABLE
CORTEX_M7.IsShareable-Cortex_Memory_Protection_Unit_Region1_Settings=MPU_ACCESS_SHAREABLE
CORTEX_M7.IsShareable-Cortex_Memory_Protection_Unit_Region2_Settings=MPU_ACCESS_SHAREABLE
CORTEX_M7.IsShareable-Cortex_Memory_Protection_Unit_Region3_Settings=MPU_ACCESS_SHAREABLE
CORTEX_M7.MPU_Control=MPU_PRIVILEGED_DEFAULT
CORTEX_M7.Size-Cortex_Memory_Protection_Unit_Region0_Settings=MPU_REGION_SIZE_512KB
CORTEX_M7.Size-Cortex_Memory_Protection_Unit_Region1_Settings=MPU_REGION_SIZE_64KB
CORTEX_M7.Size-Cortex_Memory_Protection_Unit_Region2_Settings=MPU_REGION_SIZE_128KB
CORTEX_M7.Size-Cortex_Memory_Protection_Unit_Region3_Settings=MPU_REGION_SIZE_128KB
CORTEX_M7.TypeExtField-Cortex_Memory_Protection_Unit_Region0_Settings=MPU_TEX_LEVEL1
CORTEX_M7.TypeExtField-Cortex_Memory_Protection_Unit_Region1_Settings=MPU_TEX_LEVEL1
CORTEX_M7.TypeExtField-Cortex_Memory_Protection_Unit_Region2_Settings=MPU_TEX_LEVEL1
CORTEX_M7.TypeExtField-Cortex_Memory_Protection_Unit_Region3_Settings=MPU_TEX_LEVEL1
Dma.I2C1_RX.7.Direction=DMA_PERIPH_TO_MEMORY
Dma.I2C1_RX.7.EventEnable=DISABLE
Dma.I2C1_RX.7.FIFOMode=DMA_FIFOMODE_DISABLE
Dma.I2C1_RX.7.Instance=DMA2_Stream4
Dma.I2C1_RX.7.MemDataAlignment=DMA_MDATAALIGN_BYTE
Dma.I2C1_RX.7.MemInc=DMA_MINC_ENABLE
Dma.I2C1_RX.7.Mode=DMA_NORMAL
Dma.I2C1_RX.7.PeriphDataAlignment=DMA_PDATAALIGN_BYTE
Dma.I2C1_RX.7.PeriphInc=DMA_PINC_DISABLE
Dma.I2C1_RX.7.Polarity=HAL_DMAMUX_REQ_GEN_RISING
Dma.I2C1_RX.7.Priority=DMA_PRIORITY_LOW
Dma.I2C1_RX.7.RequestNumber=1
Dma.I2C1_RX.7.RequestParameters=Instance,Direction,PeriphInc,MemInc,PeriphDataAlignment,MemDataAlignment,Mode,Priority,FIFOMode,SignalID,Polarity,RequestNumber,SyncSignalID,SyncPolarity,SyncEnable,EventEnable,SyncRequestNumber
Dma.I2C1_RX.7.SignalID=NONE
Dma.I2C1_RX.7.SyncEnable=DISABLE
Dma.I2C1_RX.7.SyncPolarity=HAL_DMAMUX_SYNC_NO_EVENT
Dma.I2C1_RX.7.SyncRequestNumber=1
Dma.I2C1_RX.7.SyncSignalID=NONE
Dma.I2C1_TX.8.Direction=DMA_MEMORY_TO_PERIPH
Dma.I2C1_TX.8.EventEnable=DISABLE
Dma.I2C1_TX.8.FIFOMode=DMA_FIFOMODE_DISABLE
Dma.I2C1_TX.8.Instance=DMA2_Stream5
Dma.I2C1_TX.8.MemDataAlignment=DMA_MDATAALIGN_BYTE
Dma.I2C1_TX.8.MemInc=DMA_MINC_ENABLE
Dma.I2C1_TX.8.Mode=DMA_NORMAL
Dma.I2C1_TX.8.PeriphDataAlignment=DMA_PDATAALIGN_BYTE
Dma.I2C1_TX.8.PeriphInc=DMA_PINC_DISABLE
Dma.I2C1_TX.8.Polarity=HAL_DMAMUX_REQ_GEN_RISING
Dma.I2C1_TX.8.Priority=DMA_PRIORITY_LOW
Dma.I2C1_TX.8.RequestNumber=1
Dma.I2C1_TX.8.RequestParameters=Instance,Direction,PeriphInc,MemInc,PeriphDataAlignment,MemDataAlignment,Mode,Priority,FIFOMode,SignalID,Polarity,RequestNumber,SyncSignalID,SyncPolarity,SyncEnable,EventEnable,SyncRequestNumber
Dma.I2C1_TX.8.SignalID=NONE
Dma.I2C1_TX.8.SyncEnable=DISABLE
Dma.I2C1_TX.8.SyncPolarity=HAL_DMAMUX_SYNC_NO_EVENT
Dma.I2C1_TX.8.SyncRequestNumber=1
Dma.I2C1_TX.8.SyncSignalID=NONE
Dma.I2C2_RX.5.Direction=DMA_PERIPH_TO_MEMORY
Dma.I2C2_RX.5.EventEnable=DISABLE
Dma.I2C2_RX.5.FIFOMode=DMA_FIFOMODE_DISABLE
Dma.I2C2_RX.5.Instance=DMA2_Stream2
Dma.I2C2_RX.5.MemDataAlignment=DMA_MDATAALIGN_BYTE
Dma.I2C2_RX.5.MemInc=DMA_MINC_ENABLE
Dma.I2C2_RX.5.Mode=DMA_NORMAL
Dma.I2C2_RX.5.PeriphDataAlignment=DMA_PDATAALIGN_BYTE
Dma.I2C2_RX.5.PeriphInc=DMA_PINC_DISABLE
Dma.I2C2_RX.5.Polarity=HAL_DMAMUX_REQ_GEN_RISING
Dma.I2C2_RX.5.Priority=DMA_PRIORITY_LOW
Dma.I2C2_RX.5.RequestNumber=1
Dma.I2C2_RX.5.RequestParameters=Instance,Direction,PeriphInc,MemInc,PeriphDataAlignment,MemDataAlignment,Mode,Priority,FIFOMode,SignalID,Polarity,RequestNumber,SyncSignalID,SyncPolarity,SyncEnable,EventEnable,SyncRequestNumber
Dma.I2C2_RX.5.SignalID=NONE
Dma.I2C2_RX.5.SyncEnable=DISABLE
Dma.I2C2_RX.5.SyncPolarity=HAL_DMAMUX_SYNC_NO_EVENT
Dma.I2C2_RX.5.SyncRequestNumber=1
Dma.I2C2_RX.5.SyncSignalID=NONE
Dma.I2C2_TX.6.Direction=DMA_MEMORY_TO_PERIPH
Dma.I2C2_TX.6.EventEnable=DISABLE
Dma.I2C2_TX.6.FIFOMode=DMA_FIFOMODE_DISABLE
Dma.I2C2_TX.6.Instance=DMA2_Stream3
Dma.I2C2_TX.6.MemDataAlignment=DMA_MDATAALIGN_BYTE
Dma.I2C2_TX.6.MemInc=DMA_MINC_ENABLE
Dma.I2C2_TX.6.Mode=DMA_NORMAL
Dma.I2C2_TX.6.PeriphDataAlignment=DMA_PDATAALIGN_BYTE
Dma.I2C2_TX.6.PeriphInc=DMA_PINC_DISABLE
Dma.I2C2_TX.6.Polarity=HAL_DMAMUX_REQ_GEN_RISING
Dma.I2C2_TX.6.Priority=DMA_PRIORITY_LOW
Dma.I2C2_TX.6.RequestNumber=1
Dma.I2C2_TX.6.RequestParameters=Instance,Direction,PeriphInc,MemInc,PeriphDataAlignment,MemDataAlignment,Mode,Priority,FIFOMode,SignalID,Polarity,RequestNumber,SyncSignalID,SyncPolarity,SyncEnable,EventEnable,SyncRequestNumber
Dma.I2C2_TX.6.SignalID=NONE
Dma.I2C2_TX.6.SyncEnable=DISABLE
Dma.I2C2_TX.6.SyncPolarity=HAL_DMAMUX_SYNC_NO_EVENT
Dma.I2C2_TX.6.SyncRequestNumber=1
Dma.I2C2_TX.6.SyncSignalID=NONE
Dma.I2C3_RX.9.Direction=DMA_PERIPH_TO_MEMORY
Dma.I2C3_RX.9.EventEnable=DISABLE
Dma.I2C3_RX.9.FIFOMode=DMA_FIFOMODE_DISABLE
Dma.I2C3_RX.9.Instance=DMA2_Stream6
Dma.I2C3_RX.9.MemDataAlignment=DMA_MDATAALIGN_BYTE
Dma.I2C3_RX.9.MemInc=DMA_MINC_ENABLE
Dma.I2C3_RX.9.Mode=DMA_NORMAL
Dma.I2C3_RX.9.PeriphDataAlignment=DMA_PDATAALIGN_BYTE
Dma.I2C3_RX.9.PeriphInc=DMA_PINC_DISABLE
Dma.I2C3_RX.9.Polarity=HAL_DMAMUX_REQ_GEN_RISING
Dma.I2C3_RX.9.Priority=DMA_PRIORITY_LOW
Dma.I2C3_RX.9.RequestNumber=1
Dma.I2C3_RX.9.RequestParameters=Instance,Direction,PeriphInc,MemInc,PeriphDataAlignment,MemDataAlignment,Mode,Priority,FIFOMode,SignalID,Polarity,RequestNumber,SyncSignalID,SyncPolarity,SyncEnable,EventEnable,SyncRequestNumber
Dma.I2C3_RX.9.SignalID=NONE
Dma.I2C3_RX.9.SyncEnable=DISABLE
Dma.I2C3_RX.9.SyncPolarity=HAL_DMAMUX_SYNC_NO_EVENT
Dma.I2C3_RX.9.SyncRequestNumber=1
Dma.I2C3_RX.9.SyncSignalID=NONE
Dma.I2C3_TX.10.Direction=DMA_MEMORY_TO_PERIPH
Dma.I2C3_TX.10.EventEnable=DISABLE
Dma.I2C3_TX.10.FIFOMode=DMA_FIFOMODE_DISABLE
Dma.I2C3_TX.10.Instance=DMA2_Stream7
Dma.I2C3_TX.10.MemDataAlignment=DMA_MDATAALIGN_BYTE
Dma.I2C3_TX.10.MemInc=DMA_MINC_ENABLE
Dma.I2C3_TX.10.Mode=DMA_NORMAL
Dma.I2C3_TX.10.PeriphDataAlignment=DMA_PDATAALIGN_BYTE
Dma.I2C3_TX.10.PeriphInc=DMA_PINC_DISABLE
Dma.I2C3_TX.10.Polarity=HAL_DMAMUX_REQ_GEN_RISING
Dma.I2C3_TX.10.Priority=DMA_PRIORITY_LOW
Dma.I2C3_TX.10.RequestNumber=1
Dma.I2C3_TX.10.RequestParameters=Instance,Direction,PeriphInc,MemInc,PeriphDataAlignment,MemDataAlignment,Mode,Priority,FIFOMode,SignalID,Polarity,RequestNumber,SyncSignalID,SyncPolarity,SyncEnable,EventEnable,SyncRequestNumber
Dma.I2C3_TX.10.SignalID=NONE
Dma.I2C3_TX.10.SyncEnable=DISABLE
Dma.I2C3_TX.10.SyncPolarity=HAL_DMAMUX_SYNC_NO_EVENT
Dma.I2C3_TX.10.SyncRequestNumber=1
Dma.I2C3_TX.10.SyncSignalID=NONE
Dma.Request0=SAI1_A
Dma.Request1=SAI1_B
Dma.Request10=I2C3_TX
Dma.Request11=SPI1_TX
Dma.Request2=SAI2_A
Dma.Request3=USART2_RX
Dma.Request4=USART2_TX
Dma.Request5=I2C2_RX
Dma.Request6=I2C2_TX
Dma.Request7=I2C1_RX
Dma.Request8=I2C1_TX
Dma.Request9=I2C3_RX
Dma.RequestsNb=12
Dma.SAI1_A.0.Direction=DMA_MEMORY_TO_PERIPH
Dma.SAI1_A.0.EventEnable=DISABLE
Dma.SAI1_A.0.FIFOMode=DMA_FIFOMODE_ENABLE
Dma.SAI1_A.0.FIFOThreshold=DMA_FIFO_THRESHOLD_FULL
Dma.SAI1_A.0.Instance=DMA1_Stream0
Dma.SAI1_A.0.MemBurst=DMA_MBURST_SINGLE
Dma.SAI1_A.0.MemDataAlignment=DMA_MDATAALIGN_WORD
Dma.SAI1_A.0.MemInc=DMA_MINC_ENABLE
Dma.SAI1_A.0.Mode=DMA_CIRCULAR
Dma.SAI1_A.0.PeriphBurst=DMA_PBURST_SINGLE
Dma.SAI1_A.0.PeriphDataAlignment=DMA_PDATAALIGN_WORD
Dma.SAI1_A.0.PeriphInc=DMA_PINC_DISABLE
Dma.SAI1_A.0.Polarity=HAL_DMAMUX_REQ_GEN_RISING
Dma.SAI1_A.0.Priority=DMA_PRIORITY_HIGH
Dma.SAI1_A.0.RequestNumber=1
Dma.SAI1_A.0.RequestParameters=Instance,Direction,PeriphInc,MemInc,PeriphDataAlignment,MemDataAlignment,Mode,Priority,FIFOMode,FIFOThreshold,MemBurst,PeriphBurst,SignalID,Polarity,RequestNumber,SyncSignalID,SyncPolarity,SyncEnable,EventEnable,SyncRequestNumber
Dma.SAI1_A.0.SignalID=NONE
Dma.SAI1_A.0.SyncEnable=DISABLE
Dma.SAI1_A.0.SyncPolarity=HAL_DMAMUX_SYNC_NO_EVENT
Dma.SAI1_A.0.SyncRequestNumber=1
Dma.SAI1_A.0.SyncSignalID=NONE
Dma.SAI1_B.1.Direction=DMA_PERIPH_TO_MEMORY
Dma.SAI1_B.1.EventEnable=DISABLE
Dma.SAI1_B.1.FIFOMode=DMA_FIFOMODE_ENABLE
Dma.SAI1_B.1.FIFOThreshold=DMA_FIFO_THRESHOLD_FULL
Dma.SAI1_B.1.Instance=DMA1_Stream2
Dma.SAI1_B.1.MemBurst=DMA_MBURST_SINGLE
Dma.SAI1_B.1.MemDataAlignment=DMA_MDATAALIGN_WORD
Dma.SAI1_B.1.MemInc=DMA_MINC_ENABLE
Dma.SAI1_B.1.Mode=DMA_CIRCULAR
Dma.SAI1_B.1.PeriphBurst=DMA_PBURST_SINGLE
Dma.SAI1_B.1.PeriphDataAlignment=DMA_PDATAALIGN_WORD
Dma.SAI1_B.1.PeriphInc=DMA_PINC_DISABLE
Dma.SAI1_B.1.Polarity=HAL_DMAMUX_REQ_GEN_RISING
Dma.SAI1_B.1.Priority=DMA_PRIORITY_HIGH
Dma.SAI1_B.1.RequestNumber=1
Dma.SAI1_B.1.RequestParameters=Instance,Direction,PeriphInc,MemInc,PeriphDataAlignment,MemDataAlignment,Mode,Priority,FIFOMode,FIFOThreshold,MemBurst,PeriphBurst,SignalID,Polarity,RequestNumber,SyncSignalID,SyncPolarity,SyncEnable,EventEnable,SyncRequestNumber
Dma.SAI1_B.1.SignalID=NONE
Dma.SAI1_B.1.SyncEnable=DISABLE
Dma.SAI1_B.1.SyncPolarity=HAL_DMAMUX_SYNC_NO_EVENT
Dma.SAI1_B.1.SyncRequestNumber=1
Dma.SAI1_B.1.SyncSignalID=NONE
Dma.SAI2_A.2.Direction=DMA_PERIPH_TO_MEMORY
Dma.SAI2_A.2.EventEnable=DISABLE
Dma.SAI2_A.2.FIFOMode=DMA_FIFOMODE_ENABLE
Dma.SAI2_A.2.FIFOThreshold=DMA_FIFO_THRESHOLD_FULL
Dma.SAI2_A.2.Instance=DMA1_Stream1
Dma.SAI2_A.2.MemBurst=DMA_MBURST_SINGLE
Dma.SAI2_A.2.MemDataAlignment=DMA_MDATAALIGN_WORD
Dma.SAI2_A.2.MemInc=DMA_MINC_ENABLE
Dma.SAI2_A.2.Mode=DMA_CIRCULAR
Dma.SAI2_A.2.PeriphBurst=DMA_PBURST_SINGLE
Dma.SAI2_A.2.PeriphDataAlignment=DMA_PDATAALIGN_WORD
Dma.SAI2_A.2.PeriphInc=DMA_PINC_DISABLE
Dma.SAI2_A.2.Polarity=HAL_DMAMUX_REQ_GEN_RISING
Dma.SAI2_A.2.Priority=DMA_PRIORITY_HIGH
Dma.SAI2_A.2.RequestNumber=1
Dma.SAI2_A.2.RequestParameters=Instance,Direction,PeriphInc,MemInc,PeriphDataAlignment,MemDataAlignment,Mode,Priority,FIFOMode,FIFOThreshold,MemBurst,PeriphBurst,SignalID,Polarity,RequestNumber,SyncSignalID,SyncPolarity,SyncEnable,EventEnable,SyncRequestNumber
Dma.SAI2_A.2.SignalID=NONE
Dma.SAI2_A.2.SyncEnable=DISABLE
Dma.SAI2_A.2.SyncPolarity=HAL_DMAMUX_SYNC_NO_EVENT
Dma.SAI2_A.2.SyncRequestNumber=1
Dma.SAI2_A.2.SyncSignalID=NONE
Dma.SPI1_TX.11.Direction=DMA_MEMORY_TO_PERIPH
Dma.SPI1_TX.11.EventEnable=DISABLE
Dma.SPI1_TX.11.FIFOMode=DMA_FIFOMODE_DISABLE
Dma.SPI1_TX.11.Instance=DMA1_Stream5
Dma.SPI1_TX.11.MemDataAlignment=DMA_MDATAALIGN_HALFWORD
Dma.SPI1_TX.11.MemInc=DMA_MINC_ENABLE
Dma.SPI1_TX.11.Mode=DMA_NORMAL
Dma.SPI1_TX.11.PeriphDataAlignment=DMA_PDATAALIGN_HALFWORD
Dma.SPI1_TX.11.PeriphInc=DMA_PINC_DISABLE
Dma.SPI1_TX.11.Polarity=HAL_DMAMUX_REQ_GEN_RISING
Dma.SPI1_TX.11.Priority=DMA_PRIORITY_LOW
Dma.SPI1_TX.11.RequestNumber=1
Dma.SPI1_TX.11.RequestParameters=Instance,Direction,PeriphInc,MemInc,PeriphDataAlignment,MemDataAlignment,Mode,Priority,FIFOMode,SignalID,Polarity,RequestNumber,SyncSignalID,SyncPolarity,SyncEnable,EventEnable,SyncRequestNumber
Dma.SPI1_TX.11.SignalID=NONE
Dma.SPI1_TX.11.SyncEnable=DISABLE
Dma.SPI1_TX.11.SyncPolarity=HAL_DMAMUX_SYNC_NO_EVENT
Dma.SPI1_TX.11.SyncRequestNumber=1
Dma.SPI1_TX.11.SyncSignalID=NONE
Dma.USART2_RX.3.Direction=DMA_PERIPH_TO_MEMORY
Dma.USART2_RX.3.EventEnable=DISABLE
Dma.USART2_RX.3.FIFOMode=DMA_FIFOMODE_DISABLE
Dma.USART2_RX.3.Instance=DMA1_Stream3
Dma.USART2_RX.3.MemDataAlignment=DMA_MDATAALIGN_BYTE
Dma.USART2_RX.3.MemInc=DMA_MINC_ENABLE
Dma.USART2_RX.3.Mode=DMA_NORMAL
Dma.USART2_RX.3.PeriphDataAlignment=DMA_PDATAALIGN_BYTE
Dma.USART2_RX.3.PeriphInc=DMA_PINC_DISABLE
Dma.USART2_RX.3.Polarity=HAL_DMAMUX_REQ_GEN_RISING
Dma.USART2_RX.3.Priority=DMA_PRIORITY_LOW
Dma.USART2_RX.3.RequestNumber=1
Dma.USART2_RX.3.RequestParameters=Instance,Direction,PeriphInc,MemInc,PeriphDataAlignment,MemDataAlignment,Mode,Priority,FIFOMode,SignalID,Polarity,RequestNumber,SyncSignalID,SyncPolarity,SyncEnable,EventEnable,SyncRequestNumber
Dma.USART2_RX.3.SignalID=NONE
Dma.USART2_RX.3.SyncEnable=DISABLE
Dma.USART2_RX.3.SyncPolarity=HAL_DMAMUX_SYNC_NO_EVENT
Dma.USART2_RX.3.SyncRequestNumber=1
Dma.USART2_RX.3.SyncSignalID=NONE
Dma.USART2_TX.4.Direction=DMA_MEMORY_TO_PERIPH
Dma.USART2_TX.4.EventEnable=DISABLE
Dma.USART2_TX.4.FIFOMode=DMA_FIFOMODE_DISABLE
Dma.USART2_TX.4.Instance=DMA1_Stream4
Dma.USART2_TX.4.MemDataAlignment=DMA_MDATAALIGN_BYTE
Dma.USART2_TX.4.MemInc=DMA_MINC_ENABLE
Dma.USART2_TX.4.Mode=DMA_NORMAL
Dma.USART2_TX.4.PeriphDataAlignment=DMA_PDATAALIGN_BYTE
Dma.USART2_TX.4.PeriphInc=DMA_PINC_DISABLE
Dma.USART2_TX.4.Polarity=HAL_DMAMUX_REQ_GEN_RISING
Dma.USART2_TX.4.Priority=DMA_PRIORITY_LOW
Dma.USART2_TX.4.RequestNumber=1
Dma.USART2_TX.4.RequestParameters=Instance,Direction,PeriphInc,MemInc,PeriphDataAlignment,MemDataAlignment,Mode,Priority,FIFOMode,SignalID,Polarity,RequestNumber,SyncSignalID,SyncPolarity,SyncEnable,EventEnable,SyncRequestNumber
Dma.USART2_TX.4.SignalID=NONE
Dma.USART2_TX.4.SyncEnable=DISABLE
Dma.USART2_TX.4.SyncPolarity=HAL_DMAMUX_SYNC_NO_EVENT
Dma.USART2_TX.4.SyncRequestNumber=1
Dma.USART2_TX.4.SyncSignalID=NONE
File.Version=6
GPIO.groupedBy=Group By Peripherals
I2C1.CustomTiming=Disabled
I2C1.IPParameters=Timing,CustomTiming
I2C1.Timing=0x00C0EAFF
I2C2.CustomTiming=Enabled
I2C2.I2C_Speed_Mode=I2C_Fast
I2C2.IPParameters=Timing,I2C_Speed_Mode,CustomTiming
I2C2.Timing=0x00B03FDB
I2C3.CustomTiming=Enabled
I2C3.IPParameters=Timing,CustomTiming,Speed
I2C3.Speed=40
I2C3.Timing=0x00C0EAFF
I2C4.CustomTiming=Disabled
I2C4.I2C_Speed_Mode=I2C_Standard
I2C4.IPParameters=Timing,CustomTiming,I2C_Speed_Mode
I2C4.Timing=0x10C0ECFF
KeepUserPlacement=false
Mcu.CPN=STM32H743VIT6
Mcu.Family=STM32H7
Mcu.IP0=ADC1
Mcu.IP1=BDMA
Mcu.IP10=PWR
Mcu.IP11=RCC
Mcu.IP12=SAI1
Mcu.IP13=SAI2
Mcu.IP14=SPI1
Mcu.IP15=SPI6
Mcu.IP16=SYS
Mcu.IP17=TIM3
Mcu.IP18=USART2
Mcu.IP19=USB_DEVICE
Mcu.IP2=CORTEX_M7
Mcu.IP20=USB_OTG_FS
Mcu.IP3=DEBUG
Mcu.IP4=DMA
Mcu.IP5=I2C1
Mcu.IP6=I2C2
Mcu.IP7=I2C3
Mcu.IP8=I2C4
Mcu.IP9=NVIC
Mcu.IPNb=21
Mcu.Name=STM32H743VITx
Mcu.Package=LQFP100
Mcu.Pin0=PE2
Mcu.Pin1=PE3
Mcu.Pin10=PC2_C
Mcu.Pin11=PA1
Mcu.Pin12=PA2
Mcu.Pin13=PA3
Mcu.Pin14=PA4
Mcu.Pin15=PA5
Mcu.Pin16=PA6
Mcu.Pin17=PA7
Mcu.Pin18=PB0
Mcu.Pin19=PB1
Mcu.Pin2=PE4
Mcu.Pin20=PB2
Mcu.Pin21=PE7
Mcu.Pin22=PE8
Mcu.Pin23=PE10
Mcu.Pin24=PE11
Mcu.Pin25=PB10
Mcu.Pin26=PB11
Mcu.Pin27=PD11
Mcu.Pin28=PD12
Mcu.Pin29=PD13
Mcu.Pin3=PE5
Mcu.Pin30=PD14
Mcu.Pin31=PD15
Mcu.Pin32=PC9
Mcu.Pin33=PA8
Mcu.Pin34=PA10
Mcu.Pin35=PA11
Mcu.Pin36=PA12
Mcu.Pin37=PA13 (JTMS/SWDIO)
Mcu.Pin38=PA14 (JTCK/SWCLK)
Mcu.Pin39=PA15 (JTDI)
Mcu.Pin4=PE6
Mcu.Pin40=PC10
Mcu.Pin41=PC11
Mcu.Pin42=PC12
Mcu.Pin43=PD0
Mcu.Pin44=PD1
Mcu.Pin45=PD2
Mcu.Pin46=PD4
Mcu.Pin47=PD7
Mcu.Pin48=PB3 (JTDO/TRACESWO)
Mcu.Pin49=PB4 (NJTRST)
Mcu.Pin5=PC14-OSC32_IN (OSC32_IN)
Mcu.Pin50=PB5
Mcu.Pin51=PB6
Mcu.Pin52=PB7
Mcu.Pin53=VP_PWR_V_PVD_IN
Mcu.Pin54=VP_SAI1_VP_$IpInstance_SYNCHRO_EXTERNAL
Mcu.Pin55=VP_SAI1_VP_$IpInstance_SAIA_SAI_BASIC
Mcu.Pin56=VP_SAI1_VP_$IpInstance_SAIB_SAI_BASIC
Mcu.Pin57=VP_SAI2_VP_$IpInstance_SAIA_SAI_BASIC
Mcu.Pin58=VP_SYS_VS_Systick
Mcu.Pin59=VP_TIM3_VS_ClockSourceINT
Mcu.Pin6=PC15-OSC32_OUT (OSC32_OUT)
Mcu.Pin60=VP_USB_DEVICE_VS_USB_DEVICE_AUDIO_FS
Mcu.Pin7=PH0-OSC_IN (PH0)
Mcu.Pin8=PH1-OSC_OUT (PH1)
Mcu.Pin9=PC0
Mcu.PinsNb=61
Mcu.ThirdPartyNb=0
Mcu.UserConstants=
Mcu.UserName=STM32H743VITx
MxCube.Version=6.6.1
MxDb.Version=DB.6.0.60
NVIC.ADC_IRQn=true\:0\:0\:false\:false\:true\:true\:true\:true
NVIC.BDMA_Channel0_IRQn=true\:0\:0\:false\:false\:true\:false\:true\:true
NVIC.BDMA_Channel1_IRQn=true\:0\:0\:false\:false\:true\:false\:true\:true
NVIC.BDMA_Channel2_IRQn=true\:0\:0\:false\:false\:true\:false\:true\:true
NVIC.BDMA_Channel3_IRQn=true\:0\:0\:false\:false\:true\:false\:true\:true
NVIC.BusFault_IRQn=true\:0\:0\:false\:false\:true\:false\:false\:false
NVIC.DMA1_Stream0_IRQn=true\:0\:0\:false\:false\:true\:false\:true\:true
NVIC.DMA1_Stream1_IRQn=true\:0\:0\:false\:false\:true\:false\:true\:true
NVIC.DMA1_Stream2_IRQn=true\:0\:0\:false\:false\:true\:false\:true\:true
NVIC.DMA1_Stream3_IRQn=true\:0\:0\:false\:false\:true\:false\:true\:true
NVIC.DMA1_Stream4_IRQn=true\:0\:0\:false\:false\:true\:false\:true\:true
NVIC.DMA1_Stream5_IRQn=true\:0\:0\:false\:false\:true\:false\:true\:true
NVIC.DMA2_Stream2_IRQn=true\:0\:0\:false\:false\:true\:false\:true\:true
NVIC.DMA2_Stream3_IRQn=true\:0\:0\:false\:false\:true\:false\:true\:true
NVIC.DMA2_Stream4_IRQn=true\:0\:0\:false\:false\:true\:false\:true\:true
NVIC.DMA2_Stream5_IRQn=true\:0\:0\:false\:false\:true\:false\:true\:true
NVIC.DMA2_Stream6_IRQn=true\:0\:0\:false\:false\:true\:false\:true\:true
NVIC.DMA2_Stream7_IRQn=true\:0\:0\:false\:false\:true\:false\:true\:true
NVIC.DebugMonitor_IRQn=true\:0\:0\:false\:false\:true\:false\:false\:false
NVIC.EXTI0_IRQn=true\:0\:0\:false\:false\:true\:true\:true\:true
NVIC.ForceEnableDMAVector=true
NVIC.HardFault_IRQn=true\:0\:0\:false\:false\:true\:false\:false\:false
NVIC.MemoryManagement_IRQn=true\:0\:0\:false\:false\:true\:false\:false\:false
NVIC.NonMaskableInt_IRQn=true\:0\:0\:false\:false\:true\:false\:false\:false
NVIC.OTG_FS_IRQn=true\:0\:0\:false\:false\:true\:false\:true\:true
NVIC.PVD_AVD_IRQn=true\:0\:0\:false\:false\:true\:true\:true\:true
NVIC.PendSV_IRQn=true\:0\:0\:false\:false\:true\:false\:false\:false
NVIC.PriorityGroup=NVIC_PRIORITYGROUP_4
NVIC.SPI1_IRQn=true\:0\:0\:false\:false\:true\:false\:true\:true
NVIC.SPI6_IRQn=true\:0\:0\:false\:false\:true\:false\:true\:true
NVIC.SVCall_IRQn=true\:0\:0\:false\:false\:true\:false\:false\:false
NVIC.SysTick_IRQn=true\:0\:0\:false\:false\:true\:false\:true\:false
NVIC.TIM3_IRQn=true\:0\:0\:false\:false\:true\:true\:true\:true
NVIC.USART2_IRQn=true\:0\:0\:false\:false\:true\:true\:true\:true
NVIC.UsageFault_IRQn=true\:0\:0\:false\:false\:true\:false\:false\:false
PA1.GPIOParameters=GPIO_Label
PA1.GPIO_Label=CHARGE_STATE
PA1.Locked=true
PA1.Signal=GPIO_Input
PA10.GPIOParameters=PinState,GPIO_PuPd,GPIO_Label
PA10.GPIO_Label=USB_PULL_IO
PA10.GPIO_PuPd=GPIO_NOPULL
PA10.Locked=true
PA10.PinState=GPIO_PIN_SET
PA10.Signal=GPIO_Output
PA11.Mode=Device_Only
PA11.Signal=USB_OTG_FS_DM
PA12.Mode=Device_Only
PA12.Signal=USB_OTG_FS_DP
PA13\ (JTMS/SWDIO).Mode=Serial_Wire
PA13\ (JTMS/SWDIO).Signal=DEBUG_JTMS-SWDIO
PA14\ (JTCK/SWCLK).Mode=Serial_Wire
PA14\ (JTCK/SWCLK).Signal=DEBUG_JTCK-SWCLK
PA15\ (JTDI).GPIOParameters=GPIO_Speed,PinState,GPIO_Label
PA15\ (JTDI).GPIO_Label=SPI6_CS_FLASH0
PA15\ (JTDI).GPIO_Speed=GPIO_SPEED_FREQ_MEDIUM
PA15\ (JTDI).Locked=true
PA15\ (JTDI).PinState=GPIO_PIN_SET
PA15\ (JTDI).Signal=GPIO_Output
PA2.GPIOParameters=GPIO_Label
PA2.GPIO_Label=DEBUG_USART2_TX
PA2.Mode=Asynchronous
PA2.Signal=USART2_TX
PA3.GPIOParameters=GPIO_Label
PA3.GPIO_Label=DEBUG_USART2_RX
PA3.Locked=true
PA3.Mode=Asynchronous
PA3.Signal=USART2_RX
PA4.GPIOParameters=GPIO_Label
PA4.GPIO_Label=LCD_SPI_CS
PA4.Locked=true
PA4.Signal=GPIO_Output
PA5.GPIOParameters=GPIO_Label
PA5.GPIO_Label=LCD_SPI1_SCK
PA5.Locked=true
PA5.Mode=Full_Duplex_Master
PA5.Signal=SPI1_SCK
PA6.GPIOParameters=GPIO_Label
PA6.GPIO_Label=LCD_SPI1_MISO
PA6.Mode=Full_Duplex_Master
PA6.Signal=SPI1_MISO
PA7.GPIOParameters=GPIO_Label
PA7.GPIO_Label=LCD_SPI1_MOSI
PA7.Mode=Full_Duplex_Master
PA7.Signal=SPI1_MOSI
PA8.GPIOParameters=GPIO_Label,GPIO_Pu
PA8.GPIO_Label=I2C3_TP_SCL
PA8.GPIO_Pu=GPIO_PULLUP
PA8.Mode=I2C
PA8.Signal=I2C3_SCL
PB0.GPIOParameters=GPIO_Label
PB0.GPIO_Label=BAT_ADC
PB0.Locked=true
PB0.Signal=SharedAnalog_PB0
PB1.GPIOParameters=GPIO_Speed,PinState,GPIO_PuPd,GPIO_Label,GPIO_ModeDefaultOutputPP
PB1.GPIO_Label=LCD_RESET
PB1.GPIO_ModeDefaultOutputPP=GPIO_MODE_OUTPUT_PP
PB1.GPIO_PuPd=GPIO_NOPULL
PB1.GPIO_Speed=GPIO_SPEED_FREQ_LOW
PB1.Locked=true
PB1.PinState=GPIO_PIN_RESET
PB1.Signal=GPIO_Output
PB10.GPIOParameters=GPIO_PuPd,GPIO_Label,GPIO_Pu
PB10.GPIO_Label=I2C2_MAX17048_SCL
PB10.GPIO_Pu=GPIO_PULLUP
PB10.GPIO_PuPd=GPIO_PULLUP
PB10.Mode=I2C
PB10.Signal=I2C2_SCL
PB11.GPIOParameters=GPIO_PuPd,GPIO_Label,GPIO_Pu
PB11.GPIO_Label=I2C2_MAX17048_SDA
PB11.GPIO_Pu=GPIO_PULLUP
PB11.GPIO_PuPd=GPIO_PULLUP
PB11.Mode=I2C
PB11.Signal=I2C2_SDA
PB2.GPIOParameters=GPIO_Label,GPIO_ModeDefaultOutputPP
PB2.GPIO_Label=TP_RESET
PB2.GPIO_ModeDefaultOutputPP=GPIO_MODE_OUTPUT_PP
PB2.Locked=true
PB2.Signal=GPIO_Output
PB3\ (JTDO/TRACESWO).GPIOParameters=GPIO_Label
PB3\ (JTDO/TRACESWO).GPIO_Label=SPI6_SCK_FLASH
PB3\ (JTDO/TRACESWO).Locked=true
PB3\ (JTDO/TRACESWO).Mode=Full_Duplex_Master
PB3\ (JTDO/TRACESWO).Signal=SPI6_SCK
PB4\ (NJTRST).GPIOParameters=GPIO_Label
PB4\ (NJTRST).GPIO_Label=SPI6_MISO_FLASH
PB4\ (NJTRST).Locked=true
PB4\ (NJTRST).Mode=Full_Duplex_Master
PB4\ (NJTRST).Signal=SPI6_MISO
PB5.GPIOParameters=GPIO_Label
PB5.GPIO_Label=SPI6_MOSI_FLASH
PB5.Locked=true
PB5.Mode=Full_Duplex_Master
PB5.Signal=SPI6_MOSI
PB6.GPIOParameters=GPIO_PuPd,GPIO_Label,GPIO_Pu
PB6.GPIO_Label=I2C1_WM8978_SCL
PB6.GPIO_Pu=GPIO_PULLUP
PB6.GPIO_PuPd=GPIO_PULLUP
PB6.Mode=I2C
PB6.Signal=I2C1_SCL
PB7.GPIOParameters=GPIO_PuPd,GPIO_Label,GPIO_Pu
PB7.GPIO_Label=I2C1_WM8978_SDA
PB7.GPIO_Pu=GPIO_PULLUP
PB7.GPIO_PuPd=GPIO_PULLUP
PB7.Mode=I2C
PB7.Signal=I2C1_SDA
PC0.GPIOParameters=GPIO_PuPd,GPIO_Label,GPIO_ModeDefaultEXTI
PC0.GPIO_Label=HS_DET
PC0.GPIO_ModeDefaultEXTI=GPIO_MODE_IT_FALLING
PC0.GPIO_PuPd=GPIO_PULLUP
PC0.Locked=true
PC0.Signal=GPXTI0
PC10.GPIOParameters=PinState,GPIO_Label
PC10.GPIO_Label=VCC_LCD_3_3V_EN
PC10.Locked=true
PC10.PinState=GPIO_PIN_SET
PC10.Signal=GPIO_Output
PC11.GPIOParameters=PinState,GPIO_Label
PC11.GPIO_Label=VCC_BACK_LIGHT_EN
PC11.Locked=true
PC11.PinState=GPIO_PIN_SET
PC11.Signal=GPIO_Output
PC12.GPIOParameters=PinState,GPIO_Label
PC12.GPIO_Label=VCC_DAC_3_3V_EN
PC12.Locked=true
PC12.PinState=GPIO_PIN_SET
PC12.Signal=GPIO_Output
PC14-OSC32_IN\ (OSC32_IN).Mode=LSE-External-Oscillator
PC14-OSC32_IN\ (OSC32_IN).Signal=RCC_OSC32_IN
PC15-OSC32_OUT\ (OSC32_OUT).Mode=LSE-External-Oscillator
PC15-OSC32_OUT\ (OSC32_OUT).Signal=RCC_OSC32_OUT
PC2_C.GPIOParameters=GPIO_Label
PC2_C.GPIO_Label=USB_5V_DET
PC2_C.Locked=true
PC2_C.Signal=GPIO_Input
PC9.GPIOParameters=GPIO_Label,GPIO_Pu
PC9.GPIO_Label=I2C3_TP_SDA
PC9.GPIO_Pu=GPIO_PULLUP
PC9.Locked=true
PC9.Mode=I2C
PC9.Signal=I2C3_SDA
PCC.Checker=true
PCC.Line=STM32H743/753
PCC.MCU=STM32H743VITx
PCC.PartNumber=STM32H743VITx
PCC.Seq0=2
PCC.Seq0.Step0.Average_Current=105 mA
PCC.Seq0.Step0.CPU_Frequency=400 MHz
PCC.Seq0.Step0.Category=In DS Table
PCC.Seq0.Step0.DMIPS=856.0
PCC.Seq0.Step0.Duration=1 ms
PCC.Seq0.Step0.Frequency=25 MHz
PCC.Seq0.Step0.Memory=FLASH_A
PCC.Seq0.Step0.Mode=RUN
PCC.Seq0.Step0.Oscillator=HSE BYP PLL Flash-ON Cache-ON
PCC.Seq0.Step0.Peripherals=
PCC.Seq0.Step0.SubMode1=DRUN/CRUN
PCC.Seq0.Step0.SubMode2=DSTANDBY
PCC.Seq0.Step0.SubMode3=DRUN
PCC.Seq0.Step0.TaMax=110.82
PCC.Seq0.Step0.User's_Consumption=0 mA
PCC.Seq0.Step0.Vcore=VOS1\: Scale1-High
PCC.Seq0.Step0.Vdd=3.0
PCC.Seq0.Step0.Voltage_Source=Battery
PCC.Seq0.Step1.Average_Current=170 \u00B5A
PCC.Seq0.Step1.CPU_Frequency=0 Hz
PCC.Seq0.Step1.Category=In DS Table
PCC.Seq0.Step1.DMIPS=0.0
PCC.Seq0.Step1.Duration=0 ms
PCC.Seq0.Step1.Frequency=0 Hz
PCC.Seq0.Step1.Memory=NA
PCC.Seq0.Step1.Mode=STOP
PCC.Seq0.Step1.Oscillator=Flash-LP
PCC.Seq0.Step1.Peripherals=
PCC.Seq0.Step1.SubMode1=DSTANDBY
PCC.Seq0.Step1.SubMode2=DSTANDBY
PCC.Seq0.Step1.SubMode3=DSTOP
PCC.Seq0.Step1.TaMax=124.98
PCC.Seq0.Step1.User's_Consumption=0 mA
PCC.Seq0.Step1.Vcore=SVOS5\: System-Scale5
PCC.Seq0.Step1.Vdd=3.0
PCC.Seq0.Step1.Voltage_Source=Battery
PCC.Series=STM32H7
PCC.Temperature=25
PCC.Vdd=3.0
PD0.GPIOParameters=GPIO_Label
PD0.GPIO_Label=POWER_KEY
PD0.Locked=true
PD0.Signal=GPIO_Output
PD1.GPIOParameters=GPIO_Label
PD1.GPIO_Label=BT_CONNECT_STAT
PD1.Locked=true
PD1.Signal=GPIO_Input
PD11.Mode=SAI_A_SyncSlave
PD11.Signal=SAI2_SD_A
PD12.GPIOParameters=GPIO_PuPd,GPIO_Label,GPIO_Pu
PD12.GPIO_Label=I2C4_MPU6050_SCL
PD12.GPIO_Pu=GPIO_PULLUP
PD12.GPIO_PuPd=GPIO_PULLUP
PD12.Mode=I2C
PD12.Signal=I2C4_SCL
PD13.GPIOParameters=GPIO_PuPd,GPIO_Label,GPIO_Pu
PD13.GPIO_Label=I2C4_MPU6050_SDA
PD13.GPIO_Pu=GPIO_PULLUP
PD13.GPIO_PuPd=GPIO_PULLUP
PD13.Mode=I2C
PD13.Signal=I2C4_SDA
PD14.GPIOParameters=GPIO_Label
PD14.GPIO_Label=MPU6050_FSYNC
PD14.Locked=true
PD14.Signal=GPIO_Input
PD15.GPIOParameters=GPIO_PuPd,GPIO_Label,GPIO_ModeDefaultEXTI
PD15.GPIO_Label=MPU6050_INT
PD15.GPIO_ModeDefaultEXTI=GPIO_MODE_IT_FALLING
PD15.GPIO_PuPd=GPIO_PULLUP
PD15.Locked=true
PD15.Signal=GPXTI15
PD2.GPIOParameters=PinState,GPIO_PuPd,GPIO_Label,GPIO_ModeDefaultOutputPP
PD2.GPIO_Label=VCC_BT8829C_EN
PD2.GPIO_ModeDefaultOutputPP=GPIO_MODE_OUTPUT_OD
PD2.GPIO_PuPd=GPIO_NOPULL
PD2.Locked=true
PD2.PinState=GPIO_PIN_SET
PD2.Signal=GPIO_Output
PD4.GPIOParameters=PinState,GPIO_Label
PD4.GPIO_Label=VCC_LED_2_8V_EN
PD4.Locked=true
PD4.PinState=GPIO_PIN_SET
PD4.Signal=GPIO_Output
PD7.GPIOParameters=GPIO_Speed,PinState,GPIO_Label
PD7.GPIO_Label=SPI6_CS_FLASH1
PD7.GPIO_Speed=GPIO_SPEED_FREQ_MEDIUM
PD7.Locked=true
PD7.PinState=GPIO_PIN_SET
PD7.Signal=GPIO_Output
PE10.GPIOParameters=PinState,GPIO_Label
PE10.GPIO_Label=LCD_DCX
PE10.Locked=true
PE10.PinState=GPIO_PIN_SET
PE10.Signal=GPIO_Output
PE11.GPIOParameters=GPIO_Speed,PinState,GPIO_Label
PE11.GPIO_Label=TP
PE11.GPIO_Speed=GPIO_SPEED_FREQ_VERY_HIGH
PE11.Locked=true
PE11.PinState=GPIO_PIN_RESET
PE11.Signal=GPIO_Output
PE2.Mode=SAI_A_MasterWithClock
PE2.Signal=SAI1_MCLK_A
PE3.Mode=SAI_B_SyncSlave
PE3.Signal=SAI1_SD_B
PE4.Mode=SAI_A_MasterWithClock
PE4.Signal=SAI1_FS_A
PE5.Mode=SAI_A_MasterWithClock
PE5.Signal=SAI1_SCK_A
PE6.Mode=SAI_A_MasterWithClock
PE6.Signal=SAI1_SD_A
PE7.GPIOParameters=GPIO_Label
PE7.GPIO_Label=LCD_ID
PE7.Locked=true
PE7.Signal=GPIO_Input
PE8.GPIOParameters=GPIO_Label
PE8.GPIO_Label=MAX17048_ALARM
PE8.Locked=true
PE8.Signal=GPIO_Input
PH0-OSC_IN\ (PH0).Mode=HSE-External-Oscillator
PH0-OSC_IN\ (PH0).Signal=RCC_OSC_IN
PH1-OSC_OUT\ (PH1).Mode=HSE-External-Oscillator
PH1-OSC_OUT\ (PH1).Signal=RCC_OSC_OUT
PWR.IPParameters=PVDLevel,Mode
PWR.Mode=PWR_PVD_MODE_IT_RISING
PWR.PVDLevel=PWR_PVDLEVEL_6
PinOutPanel.RotationAngle=0
ProjectManager.AskForMigrate=true
ProjectManager.BackupPrevious=false
ProjectManager.CompilerOptimize=6
ProjectManager.ComputerToolchain=false
ProjectManager.CoupleFile=true
ProjectManager.CustomerFirmwarePackage=
ProjectManager.DefaultFWLocation=true
ProjectManager.DeletePrevious=true
ProjectManager.DeviceId=STM32H743VITx
ProjectManager.FirmwarePackage=STM32Cube FW_H7 V1.10.0
ProjectManager.FreePins=true
ProjectManager.HalAssertFull=false
ProjectManager.HeapSize=0xC000
ProjectManager.KeepUserCode=true
ProjectManager.LastFirmware=true
ProjectManager.LibraryCopy=0
ProjectManager.MainLocation=Core/Src
ProjectManager.NoMain=false
ProjectManager.PreviousToolchain=
ProjectManager.ProjectBuild=false
ProjectManager.ProjectFileName=Speaker.ioc
ProjectManager.ProjectName=Speaker
ProjectManager.RegisterCallBack=
ProjectManager.StackSize=0xA000
ProjectManager.TargetToolchain=EWARM V8.32
ProjectManager.TemplateDestinationPath=D\:\\audiphone\\STM32H750\\PRJ\\codec
ProjectManager.TemplateSourcePath=C\:\\Program Files\\STMicroelectronics\\STM32Cube\\STM32CubeMX\\db\\extra_templates
ProjectManager.ToolChainLocation=
ProjectManager.UnderRoot=false
ProjectManager.functionlistsort=1-MX_GPIO_Init-GPIO-false-HAL-true,2-MX_BDMA_Init-BDMA-false-HAL-true,3-MX_DMA_Init-DMA-false-HAL-true,4-SystemClock_Config-RCC-false-HAL-false,5-MX_I2C2_Init-I2C2-false-HAL-true,6-MX_SAI1_Init-SAI1-false-HAL-true,7-MX_SAI2_Init-SAI2-false-HAL-true,8-MX_I2C4_Init-I2C4-false-HAL-true,9-MX_USART2_UART_Init-USART2-false-HAL-true,10-MX_USB_DEVICE_Init-USB_DEVICE-false-HAL-false,11-MX_I2C1_Init-I2C1-false-HAL-true,12-MX_ADC1_Init-ADC1-false-HAL-true,13-MX_I2C3_Init-I2C3-false-HAL-true,14-MX_SPI1_Init-SPI1-false-HAL-true,15-MX_SPI6_Init-SPI6-false-HAL-true,16-MX_TIM3_Init-TIM3-false-HAL-true,0-MX_CORTEX_M7_Init-CORTEX_M7-false-HAL-true,0-MX_PWR_Init-PWR-false-HAL-true
RCC.ADCFreq_Value=2048000
RCC.AHB12Freq_Value=200000000
RCC.AHB4Freq_Value=200000000
RCC.APB1Freq_Value=50000000
RCC.APB2Freq_Value=100000000
RCC.APB3Freq_Value=100000000
RCC.APB4Freq_Value=100000000
RCC.AXIClockFreq_Value=200000000
RCC.CECFreq_Value=32000
RCC.CKPERFreq_Value=64000000
RCC.CortexFreq_Value=400000000
RCC.CpuClockFreq_Value=400000000
RCC.D1CPREFreq_Value=400000000
RCC.D1PPRE=RCC_APB3_DIV2
RCC.D2PPRE1=RCC_APB1_DIV4
RCC.D2PPRE2=RCC_APB2_DIV2
RCC.D3PPRE=RCC_APB4_DIV2
RCC.DFSDMACLkFreq_Value=24600000
RCC.DFSDMFreq_Value=100000000
RCC.DIVM1=2
RCC.DIVM2=25
RCC.DIVM3=25
RCC.DIVN1=64
RCC.DIVN2=256
RCC.DIVN3=246
RCC.DIVP1Freq_Value=400000000
RCC.DIVP2=125
RCC.DIVP2Freq_Value=2048000
RCC.DIVP3=10
RCC.DIVP3Freq_Value=24600000
RCC.DIVQ1=10
RCC.DIVQ1Freq_Value=80000000
RCC.DIVQ2=4
RCC.DIVQ2Freq_Value=64000000
RCC.DIVQ3Freq_Value=123000000
RCC.DIVR1Freq_Value=400000000
RCC.DIVR2Freq_Value=128000000
RCC.DIVR3Freq_Value=123000000
RCC.FDCANFreq_Value=80000000
RCC.FMCFreq_Value=200000000
RCC.FamilyName=M
RCC.HCLK3ClockFreq_Value=200000000
RCC.HCLKFreq_Value=200000000
RCC.HPRE=RCC_HCLK_DIV2
RCC.HRTIMFreq_Value=200000000
RCC.HSE_VALUE=25000000
RCC.I2C123Freq_Value=50000000
RCC.I2C4Freq_Value=100000000
RCC.IPParameters=ADCFreq_Value,AHB12Freq_Value,AHB4Freq_Value,APB1Freq_Value,APB2Freq_Value,APB3Freq_Value,APB4Freq_Value,AXIClockFreq_Value,CECFreq_Value,CKPERFreq_Value,CortexFreq_Value,CpuClockFreq_Value,D1CPREFreq_Value,D1PPRE,D2PPRE1,D2PPRE2,D3PPRE,DFSDMACLkFreq_Value,DFSDMFreq_Value,DIVM1,DIVM2,DIVM3,DIVN1,DIVN2,DIVN3,DIVP1Freq_Value,DIVP2,DIVP2Freq_Value,DIVP3,DIVP3Freq_Value,DIVQ1,DIVQ1Freq_Value,DIVQ2,DIVQ2Freq_Value,DIVQ3Freq_Value,DIVR1Freq_Value,DIVR2Freq_Value,DIVR3Freq_Value,FDCANFreq_Value,FMCFreq_Value,FamilyName,HCLK3ClockFreq_Value,HCLKFreq_Value,HPRE,HRTIMFreq_Value,HSE_VALUE,I2C123Freq_Value,I2C4Freq_Value,LPTIM1Freq_Value,LPTIM2Freq_Value,LPTIM345Freq_Value,LPUART1Freq_Value,LTDCFreq_Value,MCO1PinFreq_Value,MCO2PinFreq_Value,PLL1_VCI_Range-AdvancedSettings,PLL1_VCO_SEL-AdvancedSettings,PLL2FRACN,PLL3FRACN,PLLFRACN,PLLSourceVirtual,QSPIFreq_Value,RNGFreq_Value,RTCFreq_Value,SAI1CLockSelection,SAI1Freq_Value,SAI23CLockSelection,SAI23Freq_Value,SAI4ACLockSelection,SAI4AFreq_Value,SAI4BFreq_Value,SDMMCFreq_Value,SPDIFRXFreq_Value,SPI123Freq_Value,SPI45Freq_Value,SPI6CLockSelection,SPI6Freq_Value,SWPMI1Freq_Value,SYSCLKFreq_VALUE,SYSCLKSource,Tim1OutputFreq_Value,Tim2OutputFreq_Value,TraceFreq_Value,USART16Freq_Value,USART234578Freq_Value,USBCLockSelection,USBFreq_Value,VCO1OutputFreq_Value,VCO2OutputFreq_Value,VCO3OutputFreq_Value,VCOInput1Freq_Value,VCOInput2Freq_Value,VCOInput3Freq_Value
RCC.LPTIM1Freq_Value=50000000
RCC.LPTIM2Freq_Value=100000000
RCC.LPTIM345Freq_Value=100000000
RCC.LPUART1Freq_Value=100000000
RCC.LTDCFreq_Value=123000000
RCC.MCO1PinFreq_Value=64000000
RCC.MCO2PinFreq_Value=400000000
RCC.PLL1_VCI_Range-AdvancedSettings=RCC_PLL1VCIRANGE_0
RCC.PLL1_VCO_SEL-AdvancedSettings=RCC_PLL1VCOMEDIUM
RCC.PLL2FRACN=0
RCC.PLL3FRACN=0
RCC.PLLFRACN=0
RCC.PLLSourceVirtual=RCC_PLLSOURCE_HSE
RCC.QSPIFreq_Value=200000000
RCC.RNGFreq_Value=48000000
RCC.RTCFreq_Value=32000
RCC.SAI1CLockSelection=RCC_SAI1CLKSOURCE_PLL3
RCC.SAI1Freq_Value=24600000
RCC.SAI23CLockSelection=RCC_SAI23CLKSOURCE_PLL3
RCC.SAI23Freq_Value=24600000
RCC.SAI4ACLockSelection=RCC_SAI4ACLKSOURCE_PLL3
RCC.SAI4AFreq_Value=24600000
RCC.SAI4BFreq_Value=80000000
RCC.SDMMCFreq_Value=80000000
RCC.SPDIFRXFreq_Value=80000000
RCC.SPI123Freq_Value=80000000
RCC.SPI45Freq_Value=100000000
RCC.SPI6CLockSelection=RCC_SPI6CLKSOURCE_PLL2
RCC.SPI6Freq_Value=64000000
RCC.SWPMI1Freq_Value=50000000
RCC.SYSCLKFreq_VALUE=400000000
RCC.SYSCLKSource=RCC_SYSCLKSOURCE_PLLCLK
RCC.Tim1OutputFreq_Value=100000000
RCC.Tim2OutputFreq_Value=200000000
RCC.TraceFreq_Value=400000000
RCC.USART16Freq_Value=100000000
RCC.USART234578Freq_Value=50000000
RCC.USBCLockSelection=RCC_USBCLKSOURCE_HSI48
RCC.USBFreq_Value=48000000
RCC.VCO1OutputFreq_Value=800000000
RCC.VCO2OutputFreq_Value=256000000
RCC.VCO3OutputFreq_Value=246000000
RCC.VCOInput1Freq_Value=12500000
RCC.VCOInput2Freq_Value=1000000
RCC.VCOInput3Freq_Value=1000000
SAI1.AudioFrequency-SAI_A_MasterWithClock=SAI_AUDIO_FREQUENCY_16K
SAI1.AudioMode-SAI_A_MasterWithClock=SAI_MODEMASTER_TX
SAI1.AudioMode-SAI_B_SyncSlave=SAI_MODESLAVE_RX
SAI1.BasicDataSize-SAI_A_MasterWithClock=SAI_PROTOCOL_DATASIZE_24BIT
SAI1.BasicDataSize-SAI_B_SyncSlave=SAI_PROTOCOL_DATASIZE_24BIT
SAI1.ErrorAudioFreq-SAI_A_MasterWithClock=0.09 %
SAI1.IPParameters=VirtualProtocol-SAI_A_BASIC,Synchro_A,Instance-SAI_A_MasterWithClock,VirtualMode-SAI_A_MasterWithClock,InitProtocol-SAI_A_MasterWithClock,MClockEnable,RealAudioFreq-SAI_A_MasterWithClock,ErrorAudioFreq-SAI_A_MasterWithClock,OutputDrive-SAI_A_MasterWithClock,Instance-SAI_B_SyncSlave,VirtualMode-SAI_B_SyncSlave,InitProtocol-SAI_B_SyncSlave,VirtualProtocol-SAI_B_BASIC,AudioFrequency-SAI_A_MasterWithClock,AudioMode-SAI_A_MasterWithClock,OutputDrive-SAI_B_SyncSlave,SynchroExt,AudioMode-SAI_B_SyncSlave,BasicDataSize-SAI_A_MasterWithClock,BasicDataSize-SAI_B_SyncSlave
SAI1.InitProtocol-SAI_A_MasterWithClock=Enable
SAI1.InitProtocol-SAI_B_SyncSlave=Enable
SAI1.Instance-SAI_A_MasterWithClock=SAI$Index_Block_A
SAI1.Instance-SAI_B_SyncSlave=SAI$Index_Block_B
SAI1.MClockEnable=SAI_MASTERCLOCK_ENABLE
SAI1.OutputDrive-SAI_A_MasterWithClock=SAI_OUTPUTDRIVE_ENABLE
SAI1.OutputDrive-SAI_B_SyncSlave=SAI_OUTPUTDRIVE_ENABLE
SAI1.RealAudioFreq-SAI_A_MasterWithClock=16.015 KHz
SAI1.SynchroExt=SAI_SYNCEXT_OUTBLOCKA_ENABLE
SAI1.Synchro_A=SAI_ASYNCHRONOUS
SAI1.VirtualMode-SAI_A_MasterWithClock=VM_MASTER
SAI1.VirtualMode-SAI_B_SyncSlave=VM_SLAVE
SAI1.VirtualProtocol-SAI_A_BASIC=VM_BASIC_PROTOCOL
SAI1.VirtualProtocol-SAI_B_BASIC=VM_BASIC_PROTOCOL
SAI2.AudioMode-SAI_A_SyncSlave=SAI_MODESLAVE_RX
SAI2.BasicDataSize-SAI_A_SyncSlave=SAI_PROTOCOL_DATASIZE_24BIT
SAI2.IPParameters=VirtualProtocol-SAI_A_BASIC,Instance-SAI_A_SyncSlave,VirtualMode-SAI_A_SyncSlave,InitProtocol-SAI_A_SyncSlave,BasicDataSize-SAI_A_SyncSlave,Synchro_A,OutputDrive-SAI_A_SyncSlave,AudioMode-SAI_A_SyncSlave
SAI2.InitProtocol-SAI_A_SyncSlave=Enable
SAI2.Instance-SAI_A_SyncSlave=SAI$Index_Block_A
SAI2.OutputDrive-SAI_A_SyncSlave=SAI_OUTPUTDRIVE_ENABLE
SAI2.Synchro_A=SAI_SYNCHRONOUS_EXT_SAI1
SAI2.VirtualMode-SAI_A_SyncSlave=VM_SLAVE
SAI2.VirtualProtocol-SAI_A_BASIC=VM_BASIC_PROTOCOL
SH.GPXTI0.0=GPIO_EXTI0
SH.GPXTI0.ConfNb=1
SH.GPXTI15.0=GPIO_EXTI15
SH.GPXTI15.ConfNb=1
SH.SharedAnalog_PB0.0=ADC1_INN5
SH.SharedAnalog_PB0.1=ADC1_INP9,IN9-Single-Ended
SH.SharedAnalog_PB0.ConfNb=2
SPI1.BaudRatePrescaler=SPI_BAUDRATEPRESCALER_2
SPI1.CalculateBaudRate=40.0 MBits/s
SPI1.DataSize=SPI_DATASIZE_16BIT
SPI1.Direction=SPI_DIRECTION_2LINES
SPI1.IPParameters=VirtualType,Mode,Direction,CalculateBaudRate,DataSize,BaudRatePrescaler
SPI1.Mode=SPI_MODE_MASTER
SPI1.VirtualType=VM_MASTER
SPI6.CLKPhase=SPI_PHASE_2EDGE
SPI6.CLKPolarity=SPI_POLARITY_HIGH
SPI6.CalculateBaudRate=32.0 MBits/s
SPI6.DataSize=SPI_DATASIZE_8BIT
SPI6.Direction=SPI_DIRECTION_2LINES
SPI6.IPParameters=VirtualType,Mode,Direction,CalculateBaudRate,CLKPolarity,CLKPhase,DataSize,NSSPolarity
SPI6.Mode=SPI_MODE_MASTER
SPI6.NSSPolarity=SPI_NSS_POLARITY_LOW
SPI6.VirtualType=VM_MASTER
TIM3.AutoReloadPreload=TIM_AUTORELOAD_PRELOAD_ENABLE
TIM3.IPParameters=Prescaler,Period,AutoReloadPreload
TIM3.Period=1000-1
TIM3.Prescaler=100-1
USART2.IPParameters=VirtualMode-Asynchronous
USART2.VirtualMode-Asynchronous=VM_ASYNC
USB_DEVICE.CLASS_NAME_FS=AUDIO
USB_DEVICE.IPParameters=VirtualModeFS,CLASS_NAME_FS,VirtualMode-AUDIO_FS,USBD_AUDIO_FREQ-AUDIO_FS
USB_DEVICE.USBD_AUDIO_FREQ-AUDIO_FS=16000
USB_DEVICE.VirtualMode-AUDIO_FS=Audio
USB_DEVICE.VirtualModeFS=Audio_FS
USB_OTG_FS.IPParameters=VirtualMode,dma_enable
USB_OTG_FS.VirtualMode=Device_Only
USB_OTG_FS.dma_enable=DISABLE
VP_PWR_V_PVD_IN.Mode=Mode_PVD_Int
VP_PWR_V_PVD_IN.Signal=PWR_V_PVD_IN
VP_SAI1_VP_$IpInstance_SAIA_SAI_BASIC.Mode=SAI_A_BASIC
VP_SAI1_VP_$IpInstance_SAIA_SAI_BASIC.Signal=SAI1_VP_$IpInstance_SAIA_SAI_BASIC
VP_SAI1_VP_$IpInstance_SAIB_SAI_BASIC.Mode=SAI_B_BASIC
VP_SAI1_VP_$IpInstance_SAIB_SAI_BASIC.Signal=SAI1_VP_$IpInstance_SAIB_SAI_BASIC
VP_SAI1_VP_$IpInstance_SYNCHRO_EXTERNAL.Mode=SynchroExternal
VP_SAI1_VP_$IpInstance_SYNCHRO_EXTERNAL.Signal=SAI1_VP_$IpInstance_SYNCHRO_EXTERNAL
VP_SAI2_VP_$IpInstance_SAIA_SAI_BASIC.Mode=SAI_A_BASIC
VP_SAI2_VP_$IpInstance_SAIA_SAI_BASIC.Signal=SAI2_VP_$IpInstance_SAIA_SAI_BASIC
VP_SYS_VS_Systick.Mode=SysTick
VP_SYS_VS_Systick.Signal=SYS_VS_Systick
VP_TIM3_VS_ClockSourceINT.Mode=Internal
VP_TIM3_VS_ClockSourceINT.Signal=TIM3_VS_ClockSourceINT
VP_USB_DEVICE_VS_USB_DEVICE_AUDIO_FS.Mode=AUDIO_FS
VP_USB_DEVICE_VS_USB_DEVICE_AUDIO_FS.Signal=USB_DEVICE_VS_USB_DEVICE_AUDIO_FS
board=custom
